{"compatibility":{"canonical_schema_version":10,"core_version":10,"domain_opset_version":8,"language_version":"0.1.0"},"packages":[],"root":{"name":"veac-components","version":"0.1.0"},"root_content_sha256":"ed5e99f86cc1a2ca9d0e601faf8bd27cc42b3207269e306e27194376ecc22c2d","root_files":[{"path":"audio.veac","sha256":"a715ca2d4a6edeb098ab32f90518542ec64d007cfd7b7f927935eeb36ef9bd3a"},{"path":"components/card.veac","sha256":"2bf19aef118537e0ba67e82a0f3763e75f708958ec37cc4cbfdc927796b179c1"},{"path":"delivery.veac","sha256":"fc43111deaffdbdb62a172685a316f585b03bf4574fe8442354307c6cd75b31c"},{"path":"layout.veac","sha256":"e4a4efafff1bc4d1f13022ae258ebe2ee82415a912975d8ed97f62f887d78b27"},{"path":"main.veac","sha256":"fb58e392517e930b934e04b2ce38ccc112912c1710e8927001723aa4d935f582"},{"path":"media.veac","sha256":"c5347dc740dc8ed61a4df0fcea3d6fc633fa6f472b7ac3082a82c491e46c8c7b"},{"path":"motion.veac","sha256":"443e45b085e5085ecead7eb85a73ff5dc851254baf27cebc185633871aa3d989"},{"path":"text.veac","sha256":"a11e1587863a5984f76e132afb6236abdcfd5c096ecaed92a3458979b8f76290"}],"schema":"https://veac.dev/schemas/package-lock/v1","schema_version":1}
